
Microsoft Visual Studio Solution File, Format Version 12.00
# Visual Studio 2012
Project("{FAE04EC0-301F-11D3-BF4B-00C04F79EFBC}") = "Latihan_1_1", "Latihan_1_1\Latihan_1_1.csproj", "{1F831885-4BA3-4792-9D63-7D6AB2064942}"
EndProject
Project("{FAE04EC0-301F-11D3-BF4B-00C04F79EFBC}") = "Latihan_2_1", "Latihan_2_1\Latihan_2_1.csproj", "{72F39AF3-3D14-48EB-8E34-1FABE54C053E}"
EndProject
Project("{FAE04EC0-301F-11D3-BF4B-00C04F79EFBC}") = "Latihan_3_1", "Latihan_3_1\Latihan_3_1.csproj", "{79DD77D6-BE06-4A2A-A135-202DCF0A0B1D}"
EndProject
Project("{FAE04EC0-301F-11D3-BF4B-00C04F79EFBC}") = "Latihan_4_1", "Latihan_4_1\Latihan_4_1.csproj", "{C198507E-AB9A-495C-A1AA-597E162B2964}"
EndProject
Project("{FAE04EC0-301F-11D3-BF4B-00C04F79EFBC}") = "Latihan_5_1", "Latihan_5_1\Latihan_5_1.csproj", "{AC107C5B-A82A-4849-9F81-A797347765C2}"
EndProject
Project("{FAE04EC0-301F-11D3-BF4B-00C04F79EFBC}") = "volleyball_problem", "volleyball_problem\volleyball_problem.csproj", "{2639AA09-CFEB-4B1C-9453-F4917AE2BE17}"
EndProject
Global
	GlobalSection(SolutionConfigurationPlatforms) = preSolution
		Debug|Any CPU = Debug|Any CPU
		Release|Any CPU = Release|Any CPU
	EndGlobalSection
	GlobalSection(ProjectConfigurationPlatforms) = postSolution
		{1F831885-4BA3-4792-9D63-7D6AB2064942}.Debug|Any CPU.ActiveCfg = Debug|Any CPU
		{1F831885-4BA3-4792-9D63-7D6AB2064942}.Debug|Any CPU.Build.0 = Debug|Any CPU
		{1F831885-4BA3-4792-9D63-7D6AB2064942}.Release|Any CPU.ActiveCfg = Release|Any CPU
		{1F831885-4BA3-4792-9D63-7D6AB2064942}.Release|Any CPU.Build.0 = Release|Any CPU
		{72F39AF3-3D14-48EB-8E34-1FABE54C053E}.Debug|Any CPU.ActiveCfg = Debug|Any CPU
		{72F39AF3-3D14-48EB-8E34-1FABE54C053E}.Debug|Any CPU.Build.0 = Debug|Any CPU
		{72F39AF3-3D14-48EB-8E34-1FABE54C053E}.Release|Any CPU.ActiveCfg = Release|Any CPU
		{72F39AF3-3D14-48EB-8E34-1FABE54C053E}.Release|Any CPU.Build.0 = Release|Any CPU
		{79DD77D6-BE06-4A2A-A135-202DCF0A0B1D}.Debug|Any CPU.ActiveCfg = Debug|Any CPU
		{79DD77D6-BE06-4A2A-A135-202DCF0A0B1D}.Debug|Any CPU.Build.0 = Debug|Any CPU
		{79DD77D6-BE06-4A2A-A135-202DCF0A0B1D}.Release|Any CPU.ActiveCfg = Release|Any CPU
		{79DD77D6-BE06-4A2A-A135-202DCF0A0B1D}.Release|Any CPU.Build.0 = Release|Any CPU
		{C198507E-AB9A-495C-A1AA-597E162B2964}.Debug|Any CPU.ActiveCfg = Debug|Any CPU
		{C198507E-AB9A-495C-A1AA-597E162B2964}.Debug|Any CPU.Build.0 = Debug|Any CPU
		{C198507E-AB9A-495C-A1AA-597E162B2964}.Release|Any CPU.ActiveCfg = Release|Any CPU
		{C198507E-AB9A-495C-A1AA-597E162B2964}.Release|Any CPU.Build.0 = Release|Any CPU
		{AC107C5B-A82A-4849-9F81-A797347765C2}.Debug|Any CPU.ActiveCfg = Debug|Any CPU
		{AC107C5B-A82A-4849-9F81-A797347765C2}.Debug|Any CPU.Build.0 = Debug|Any CPU
		{AC107C5B-A82A-4849-9F81-A797347765C2}.Release|Any CPU.ActiveCfg = Release|Any CPU
		{AC107C5B-A82A-4849-9F81-A797347765C2}.Release|Any CPU.Build.0 = Release|Any CPU
		{2639AA09-CFEB-4B1C-9453-F4917AE2BE17}.Debug|Any CPU.ActiveCfg = Debug|Any CPU
		{2639AA09-CFEB-4B1C-9453-F4917AE2BE17}.Debug|Any CPU.Build.0 = Debug|Any CPU
		{2639AA09-CFEB-4B1C-9453-F4917AE2BE17}.Release|Any CPU.ActiveCfg = Release|Any CPU
		{2639AA09-CFEB-4B1C-9453-F4917AE2BE17}.Release|Any CPU.Build.0 = Release|Any CPU
	EndGlobalSection
	GlobalSection(SolutionProperties) = preSolution
		HideSolutionNode = FALSE
	EndGlobalSection
EndGlobal
